
Microsoft Visual Studio Solution File, Format Version 12.00
# Visual Studio Version 17
VisualStudioVersion = 17.13.35931.197
MinimumVisualStudioVersion = 10.0.40219.1
Project("{FAE04EC0-301F-11D3-BF4B-00C04F79EFBC}") = "ALLHAILAGNIESZKAANDHERMIRACLES", "ALLHAILAGNIESZKAANDHERMIRACLES.csproj", "{7E09B5EC-473B-4CFE-9C01-A0D07A22425B}"
EndProject
Project("{FAE04EC0-301F-11D3-BF4B-00C04F79EFBC}") = "Activity.Data", "..\..\ActivityLog_V2\Activity.Data\Activity.Data.csproj", "{C1B8BBD1-6234-A123-0530-862CEAE67E35}"
EndProject
Project("{FAE04EC0-301F-11D3-BF4B-00C04F79EFBC}") = "Activity.Domain", "..\..\ActivityLog_V2\Activity.Domain\Activity.Domain.csproj", "{D41D4835-DC34-D35B-77FA-62138D597E87}"
EndProject
Global
	GlobalSection(SolutionConfigurationPlatforms) = preSolution
		Debug|Any CPU = Debug|Any CPU
		Release|Any CPU = Release|Any CPU
	EndGlobalSection
	GlobalSection(ProjectConfigurationPlatforms) = postSolution
		{7E09B5EC-473B-4CFE-9C01-A0D07A22425B}.Debug|Any CPU.ActiveCfg = Debug|Any CPU
		{7E09B5EC-473B-4CFE-9C01-A0D07A22425B}.Debug|Any CPU.Build.0 = Debug|Any CPU
		{7E09B5EC-473B-4CFE-9C01-A0D07A22425B}.Release|Any CPU.ActiveCfg = Release|Any CPU
		{7E09B5EC-473B-4CFE-9C01-A0D07A22425B}.Release|Any CPU.Build.0 = Release|Any CPU
		{C1B8BBD1-6234-A123-0530-862CEAE67E35}.Debug|Any CPU.ActiveCfg = Debug|Any CPU
		{C1B8BBD1-6234-A123-0530-862CEAE67E35}.Debug|Any CPU.Build.0 = Debug|Any CPU
		{C1B8BBD1-6234-A123-0530-862CEAE67E35}.Release|Any CPU.ActiveCfg = Release|Any CPU
		{C1B8BBD1-6234-A123-0530-862CEAE67E35}.Release|Any CPU.Build.0 = Release|Any CPU
		{D41D4835-DC34-D35B-77FA-62138D597E87}.Debug|Any CPU.ActiveCfg = Debug|Any CPU
		{D41D4835-DC34-D35B-77FA-62138D597E87}.Debug|Any CPU.Build.0 = Debug|Any CPU
		{D41D4835-DC34-D35B-77FA-62138D597E87}.Release|Any CPU.ActiveCfg = Release|Any CPU
		{D41D4835-DC34-D35B-77FA-62138D597E87}.Release|Any CPU.Build.0 = Release|Any CPU
	EndGlobalSection
	GlobalSection(SolutionProperties) = preSolution
		HideSolutionNode = FALSE
	EndGlobalSection
	GlobalSection(ExtensibilityGlobals) = postSolution
		SolutionGuid = {27B3B55A-EAA7-4AFF-A11B-5B43AF94DC73}
	EndGlobalSection
EndGlobal
